
Microsoft Visual Studio Solution File, Format Version 12.00
# Visual Studio 15
VisualStudioVersion = 15.0.27004.2006
MinimumVisualStudioVersion = 10.0.40219.1
Project("{2150E333-8FDC-42A3-9474-1A3956D46DE8}") = "Setup", "Setup", "{379C64CD-6BAC-4FBF-A28B-D3753FCD98A9}"
	ProjectSection(SolutionItems) = preProject
		.dockerignore = .dockerignore
		.travis.yml = .travis.yml
		docker-compose.test.yml = docker-compose.test.yml
		Dockerfile.test = Dockerfile.test
		Dockerfile.test.build = Dockerfile.test.build
		Dockerfile.test.build.sh = Dockerfile.test.build.sh
	EndProjectSection
EndProject
Project("{9A19103F-16F7-4668-BE54-9A1E7A4F7556}") = "Com.MajorMinor.Service.Pos.Lib", "Com.MajorMinor.Service.Pos.Lib\Com.MajorMinor.Service.Pos.Lib.csproj", "{EE0F83C5-3B5D-46B7-BDFD-1C4944C28DF8}"
EndProject
Project("{9A19103F-16F7-4668-BE54-9A1E7A4F7556}") = "Com.MajorMinor.Service.Pos.Test", "Com.MajorMinor.Service.Pos.Test\Com.MajorMinor.Service.Pos.Test.csproj", "{5311794B-3E0A-42F7-9FA1-306F7857464D}"
EndProject
Project("{9A19103F-16F7-4668-BE54-9A1E7A4F7556}") = "Com.MajorMinor.Service.Pos.WebApi", "Com.MajorMinor.Service.Pos.WebApi\Com.MajorMinor.Service.Pos.WebApi.csproj", "{14141C12-6398-49A3-A137-A674EF2AA173}"
EndProject
Global
	GlobalSection(SolutionConfigurationPlatforms) = preSolution
		Debug|Any CPU = Debug|Any CPU
		Release|Any CPU = Release|Any CPU
	EndGlobalSection
	GlobalSection(ProjectConfigurationPlatforms) = postSolution
		{EE0F83C5-3B5D-46B7-BDFD-1C4944C28DF8}.Debug|Any CPU.ActiveCfg = Debug|Any CPU
		{EE0F83C5-3B5D-46B7-BDFD-1C4944C28DF8}.Debug|Any CPU.Build.0 = Debug|Any CPU
		{EE0F83C5-3B5D-46B7-BDFD-1C4944C28DF8}.Release|Any CPU.ActiveCfg = Release|Any CPU
		{EE0F83C5-3B5D-46B7-BDFD-1C4944C28DF8}.Release|Any CPU.Build.0 = Release|Any CPU
		{5311794B-3E0A-42F7-9FA1-306F7857464D}.Debug|Any CPU.ActiveCfg = Debug|Any CPU
		{5311794B-3E0A-42F7-9FA1-306F7857464D}.Debug|Any CPU.Build.0 = Debug|Any CPU
		{5311794B-3E0A-42F7-9FA1-306F7857464D}.Release|Any CPU.ActiveCfg = Release|Any CPU
		{5311794B-3E0A-42F7-9FA1-306F7857464D}.Release|Any CPU.Build.0 = Release|Any CPU
		{14141C12-6398-49A3-A137-A674EF2AA173}.Debug|Any CPU.ActiveCfg = Debug|Any CPU
		{14141C12-6398-49A3-A137-A674EF2AA173}.Debug|Any CPU.Build.0 = Debug|Any CPU
		{14141C12-6398-49A3-A137-A674EF2AA173}.Release|Any CPU.ActiveCfg = Release|Any CPU
		{14141C12-6398-49A3-A137-A674EF2AA173}.Release|Any CPU.Build.0 = Release|Any CPU
	EndGlobalSection
	GlobalSection(SolutionProperties) = preSolution
		HideSolutionNode = FALSE
	EndGlobalSection
	GlobalSection(ExtensibilityGlobals) = postSolution
		SolutionGuid = {674649B4-727F-4ECB-A43E-5FB293554E36}
	EndGlobalSection
EndGlobal
